
Microsoft Visual Studio Solution File, Format Version 12.00
# Visual Studio 15
VisualStudioVersion = 15.0.28307.421
MinimumVisualStudioVersion = 10.0.40219.1
Project("{FAE04EC0-301F-11D3-BF4B-00C04F79EFBC}") = "Hangman", "Hangman\Hangman.csproj", "{AFED60E1-F2F6-4D28-B5C2-9BF8E4F436D4}"
EndProject
Global
	GlobalSection(SolutionConfigurationPlatforms) = preSolution
		Debug|Any CPU = Debug|Any CPU
		Release|Any CPU = Release|Any CPU
	EndGlobalSection
	GlobalSection(ProjectConfigurationPlatforms) = postSolution
		{AFED60E1-F2F6-4D28-B5C2-9BF8E4F436D4}.Debug|Any CPU.ActiveCfg = Debug|Any CPU
		{AFED60E1-F2F6-4D28-B5C2-9BF8E4F436D4}.Debug|Any CPU.Build.0 = Debug|Any CPU
		{AFED60E1-F2F6-4D28-B5C2-9BF8E4F436D4}.Release|Any CPU.ActiveCfg = Release|Any CPU
		{AFED60E1-F2F6-4D28-B5C2-9BF8E4F436D4}.Release|Any CPU.Build.0 = Release|Any CPU
	EndGlobalSection
	GlobalSection(SolutionProperties) = preSolution
		HideSolutionNode = FALSE
	EndGlobalSection
	GlobalSection(ExtensibilityGlobals) = postSolution
		SolutionGuid = {F7D4DF35-AED4-4E22-B36E-86939482D0E5}
	EndGlobalSection
EndGlobal
